
Microsoft Visual Studio Solution File, Format Version 12.00
# Visual Studio Version 17
VisualStudioVersion = 17.6.33723.286
MinimumVisualStudioVersion = 10.0.40219.1
Project("{FAE04EC0-301F-11D3-BF4B-00C04F79EFBC}") = "GeoLocationDemoAPI", "GeoLocationDemoAPI.csproj", "{4C3F53CA-3B0F-4A7D-9880-CD8AEF6B4932}"
EndProject
Global
	GlobalSection(SolutionConfigurationPlatforms) = preSolution
		Debug|Any CPU = Debug|Any CPU
		Release|Any CPU = Release|Any CPU
	EndGlobalSection
	GlobalSection(ProjectConfigurationPlatforms) = postSolution
		{4C3F53CA-3B0F-4A7D-9880-CD8AEF6B4932}.Debug|Any CPU.ActiveCfg = Debug|Any CPU
		{4C3F53CA-3B0F-4A7D-9880-CD8AEF6B4932}.Debug|Any CPU.Build.0 = Debug|Any CPU
		{4C3F53CA-3B0F-4A7D-9880-CD8AEF6B4932}.Release|Any CPU.ActiveCfg = Release|Any CPU
		{4C3F53CA-3B0F-4A7D-9880-CD8AEF6B4932}.Release|Any CPU.Build.0 = Release|Any CPU
	EndGlobalSection
	GlobalSection(SolutionProperties) = preSolution
		HideSolutionNode = FALSE
	EndGlobalSection
	GlobalSection(ExtensibilityGlobals) = postSolution
		SolutionGuid = {2369D9F0-47EA-46C3-9519-15A14EBE5913}
	EndGlobalSection
EndGlobal
